// !$*UTF8*$!
{
	archiveVersion = 1;
	classes = {
	};
	objectVersion = 46;
	objects = {

/* Begin PBXBuildFile section */
		8E062CDF1D740A8800BD4959 /* main.m in Sources */ = {isa = PBXBuildFile; fileRef = 8E062CDE1D740A8800BD4959 /* main.m */; };
		8E062CE21D740A8800BD4959 /* AppDelegate.m in Sources */ = {isa = PBXBuildFile; fileRef = 8E062CE11D740A8800BD4959 /* AppDelegate.m */; };
		8E062CE81D740A8800BD4959 /* Main.storyboard in Resources */ = {isa = PBXBuildFile; fileRef = 8E062CE61D740A8800BD4959 /* Main.storyboard */; };
		8E062CEA1D740A8800BD4959 /* Assets.xcassets in Resources */ = {isa = PBXBuildFile; fileRef = 8E062CE91D740A8800BD4959 /* Assets.xcassets */; };
		8E062CED1D740A8800BD4959 /* LaunchScreen.storyboard in Resources */ = {isa = PBXBuildFile; fileRef = 8E062CEB1D740A8800BD4959 /* LaunchScreen.storyboard */; };
		8E062CF81D740A8800BD4959 /* QQSideSlipTests.m in Sources */ = {isa = PBXBuildFile; fileRef = 8E062CF71D740A8800BD4959 /* QQSideSlipTests.m */; };
		8E062D031D740A8800BD4959 /* QQSideSlipUITests.m in Sources */ = {isa = PBXBuildFile; fileRef = 8E062D021D740A8800BD4959 /* QQSideSlipUITests.m */; };
		8E062D181D740DEA00BD4959 /* MainViewController.m in Sources */ = {isa = PBXBuildFile; fileRef = 8E062D111D740DEA00BD4959 /* MainViewController.m */; };
		8E062D191D740DEA00BD4959 /* MYSideView.m in Sources */ = {isa = PBXBuildFile; fileRef = 8E062D131D740DEA00BD4959 /* MYSideView.m */; };
		8E062D1A1D740DEA00BD4959 /* TopViewController.m in Sources */ = {isa = PBXBuildFile; fileRef = 8E062D151D740DEA00BD4959 /* TopViewController.m */; };
		8E062D1B1D740DEA00BD4959 /* UIView+BLAZER.m in Sources */ = {isa = PBXBuildFile; fileRef = 8E062D171D740DEA00BD4959 /* UIView+BLAZER.m */; };
/* End PBXBuildFile section */

/* Begin PBXContainerItemProxy section */
		8E062CF41D740A8800BD4959 /* PBXContainerItemProxy */ = {
			isa = PBXContainerItemProxy;
			containerPortal = 8E062CD21D740A8700BD4959 /* Project object */;
			proxyType = 1;
			remoteGlobalIDString = 8E062CD91D740A8700BD4959;
			remoteInfo = QQSideSlip;
		};
		8E062CFF1D740A8800BD4959 /* PBXContainerItemProxy */ = {
			isa = PBXContainerItemProxy;
			containerPortal = 8E062CD21D740A8700BD4959 /* Project object */;
			proxyType = 1;
			remoteGlobalIDString = 8E062CD91D740A8700BD4959;
			remoteInfo = QQSideSlip;
		};
/* End PBXContainerItemProxy section */

/* Begin PBXFileReference section */
		8E062CDA1D740A8700BD4959 /* QQSideSlip.app */ = {isa = PBXFileReference; explicitFileType = wrapper.application; includeInIndex = 0; path = QQSideSlip.app; sourceTree = BUILT_PRODUCTS_DIR; };
		8E062CDE1D740A8800BD4959 /* main.m */ = {isa = PBXFileReference; lastKnownFileType = sourcecode.c.objc; path = main.m; sourceTree = "<group>"; };
		8E062CE01D740A8800BD4959 /* AppDelegate.h */ = {isa = PBXFileReference; lastKnownFileType = sourcecode.c.h; path = AppDelegate.h; sourceTree = "<group>"; };
		8E062CE11D740A8800BD4959 /* AppDelegate.m */ = {isa = PBXFileReference; lastKnownFileType = sourcecode.c.objc; path = AppDelegate.m; sourceTree = "<group>"; };
		8E062CE71D740A8800BD4959 /* Base */ = {isa = PBXFileReference; lastKnownFileType = file.storyboard; name = Base; path = Base.lproj/Main.storyboard; sourceTree = "<group>"; };
		8E062CE91D740A8800BD4959 /* Assets.xcassets */ = {isa = PBXFileReference; lastKnownFileType = folder.assetcatalog; path = Assets.xcassets; sourceTree = "<group>"; };
		8E062CEC1D740A8800BD4959 /* Base */ = {isa = PBXFileReference; lastKnownFileType = file.storyboard; name = Base; path = Base.lproj/LaunchScreen.storyboard; sourceTree = "<group>"; };
		8E062CEE1D740A8800BD4959 /* Info.plist */ = {isa = PBXFileReference; lastKnownFileType = text.plist.xml; path = Info.plist; sourceTree = "<group>"; };
		8E062CF31D740A8800BD4959 /* QQSideSlipTests.xctest */ = {isa = PBXFileReference; explicitFileType = wrapper.cfbundle; includeInIndex = 0; path = QQSideSlipTests.xctest; sourceTree = BUILT_PRODUCTS_DIR; };
		8E062CF71D740A8800BD4959 /* QQSideSlipTests.m */ = {isa = PBXFileReference; lastKnownFileType = sourcecode.c.objc; path = QQSideSlipTests.m; sourceTree = "<group>"; };
		8E062CF91D740A8800BD4959 /* Info.plist */ = {isa = PBXFileReference; lastKnownFileType = text.plist.xml; path = Info.plist; sourceTree = "<group>"; };
		8E062CFE1D740A8800BD4959 /* QQSideSlipUITests.xctest */ = {isa = PBXFileReference; explicitFileType = wrapper.cfbundle; includeInIndex = 0; path = QQSideSlipUITests.xctest; sourceTree = BUILT_PRODUCTS_DIR; };
		8E062D021D740A8800BD4959 /* QQSideSlipUITests.m */ = {isa = PBXFileReference; lastKnownFileType = sourcecode.c.objc; path = QQSideSlipUITests.m; sourceTree = "<group>"; };
		8E062D041D740A8800BD4959 /* Info.plist */ = {isa = PBXFileReference; lastKnownFileType = text.plist.xml; path = Info.plist; sourceTree = "<group>"; };
		8E062D101D740DEA00BD4959 /* MainViewController.h */ = {isa = PBXFileReference; fileEncoding = 4; lastKnownFileType = sourcecode.c.h; path = MainViewController.h; sourceTree = "<group>"; };
		8E062D111D740DEA00BD4959 /* MainViewController.m */ = {isa = PBXFileReference; fileEncoding = 4; lastKnownFileType = sourcecode.c.objc; path = MainViewController.m; sourceTree = "<group>"; };
		8E062D121D740DEA00BD4959 /* MYSideView.h */ = {isa = PBXFileReference; fileEncoding = 4; lastKnownFileType = sourcecode.c.h; path = MYSideView.h; sourceTree = "<group>"; };
		8E062D131D740DEA00BD4959 /* MYSideView.m */ = {isa = PBXFileReference; fileEncoding = 4; lastKnownFileType = sourcecode.c.objc; path = MYSideView.m; sourceTree = "<group>"; };
		8E062D141D740DEA00BD4959 /* TopViewController.h */ = {isa = PBXFileReference; fileEncoding = 4; lastKnownFileType = sourcecode.c.h; path = TopViewController.h; sourceTree = "<group>"; };
		8E062D151D740DEA00BD4959 /* TopViewController.m */ = {isa = PBXFileReference; fileEncoding = 4; lastKnownFileType = sourcecode.c.objc; path = TopViewController.m; sourceTree = "<group>"; };
		8E062D161D740DEA00BD4959 /* UIView+BLAZER.h */ = {isa = PBXFileReference; fileEncoding = 4; lastKnownFileType = sourcecode.c.h; path = "UIView+BLAZER.h"; sourceTree = "<group>"; };
		8E062D171D740DEA00BD4959 /* UIView+BLAZER.m */ = {isa = PBXFileReference; fileEncoding = 4; lastKnownFileType = sourcecode.c.objc; path = "UIView+BLAZER.m"; sourceTree = "<group>"; };
/* End PBXFileReference section */

/* Begin PBXFrameworksBuildPhase section */
		8E062CD71D740A8700BD4959 /* Frameworks */ = {
			isa = PBXFrameworksBuildPhase;
			buildActionMask = 2147483647;
			files = (
			);
			runOnlyForDeploymentPostprocessing = 0;
		};
		8E062CF01D740A8800BD4959 /* Frameworks */ = {
			isa = PBXFrameworksBuildPhase;
			buildActionMask = 2147483647;
			files = (
			);
			runOnlyForDeploymentPostprocessing = 0;
		};
		8E062CFB1D740A8800BD4959 /* Frameworks */ = {
			isa = PBXFrameworksBuildPhase;
			buildActionMask = 2147483647;
			files = (
			);
			runOnlyForDeploymentPostprocessing = 0;
		};
/* End PBXFrameworksBuildPhase section */

/* Begin PBXGroup section */
		8E062CD11D740A8700BD4959 = {
			isa = PBXGroup;
			children = (
				8E062CDC1D740A8800BD4959 /* QQSideSlip */,
				8E062CF61D740A8800BD4959 /* QQSideSlipTests */,
				8E062D011D740A8800BD4959 /* QQSideSlipUITests */,
				8E062CDB1D740A8700BD4959 /* Products */,
			);
			sourceTree = "<group>";
		};
		8E062CDB1D740A8700BD4959 /* Products */ = {
			isa = PBXGroup;
			children = (
				8E062CDA1D740A8700BD4959 /* QQSideSlip.app */,
				8E062CF31D740A8800BD4959 /* QQSideSlipTests.xctest */,
				8E062CFE1D740A8800BD4959 /* QQSideSlipUITests.xctest */,
			);
			name = Products;
			sourceTree = "<group>";
		};
		8E062CDC1D740A8800BD4959 /* QQSideSlip */ = {
			isa = PBXGroup;
			children = (
				8E062D101D740DEA00BD4959 /* MainViewController.h */,
				8E062D111D740DEA00BD4959 /* MainViewController.m */,
				8E062D121D740DEA00BD4959 /* MYSideView.h */,
				8E062D131D740DEA00BD4959 /* MYSideView.m */,
				8E062D141D740DEA00BD4959 /* TopViewController.h */,
				8E062D151D740DEA00BD4959 /* TopViewController.m */,
				8E062D161D740DEA00BD4959 /* UIView+BLAZER.h */,
				8E062D171D740DEA00BD4959 /* UIView+BLAZER.m */,
				8E062CE01D740A8800BD4959 /* AppDelegate.h */,
				8E062CE11D740A8800BD4959 /* AppDelegate.m */,
				8E062CE61D740A8800BD4959 /* Main.storyboard */,
				8E062CE91D740A8800BD4959 /* Assets.xcassets */,
				8E062CEB1D740A8800BD4959 /* LaunchScreen.storyboard */,
				8E062CEE1D740A8800BD4959 /* Info.plist */,
				8E062CDD1D740A8800BD4959 /* Supporting Files */,
			);
			path = QQSideSlip;
			sourceTree = "<group>";
		};
		8E062CDD1D740A8800BD4959 /* Supporting Files */ = {
			isa = PBXGroup;
			children = (
				8E062CDE1D740A8800BD4959 /* main.m */,
			);
			name = "Supporting Files";
			sourceTree = "<group>";
		};
		8E062CF61D740A8800BD4959 /* QQSideSlipTests */ = {
			isa = PBXGroup;
			children = (
				8E062CF71D740A8800BD4959 /* QQSideSlipTests.m */,
				8E062CF91D740A8800BD4959 /* Info.plist */,
			);
			path = QQSideSlipTests;
			sourceTree = "<group>";
		};
		8E062D011D740A8800BD4959 /* QQSideSlipUITests */ = {
			isa = PBXGroup;
			children = (
				8E062D021D740A8800BD4959 /* QQSideSlipUITests.m */,
				8E062D041D740A8800BD4959 /* Info.plist */,
			);
			path = QQSideSlipUITests;
			sourceTree = "<group>";
		};
/* End PBXGroup section */

/* Begin PBXNativeTarget section */
		8E062CD91D740A8700BD4959 /* QQSideSlip */ = {
			isa = PBXNativeTarget;
			buildConfigurationList = 8E062D071D740A8800BD4959 /* Build configuration list for PBXNativeTarget "QQSideSlip" */;
			buildPhases = (
				8E062CD61D740A8700BD4959 /* Sources */,
				8E062CD71D740A8700BD4959 /* Frameworks */,
				8E062CD81D740A8700BD4959 /* Resources */,
			);
			buildRules = (
			);
			dependencies = (
			);
			name = QQSideSlip;
			productName = QQSideSlip;
			productReference = 8E062CDA1D740A8700BD4959 /* QQSideSlip.app */;
			productType = "com.apple.product-type.application";
		};
		8E062CF21D740A8800BD4959 /* QQSideSlipTests */ = {
			isa = PBXNativeTarget;
			buildConfigurationList = 8E062D0A1D740A8800BD4959 /* Build configuration list for PBXNativeTarget "QQSideSlipTests" */;
			buildPhases = (
				8E062CEF1D740A8800BD4959 /* Sources */,
				8E062CF01D740A8800BD4959 /* Frameworks */,
				8E062CF11D740A8800BD4959 /* Resources */,
			);
			buildRules = (
			);
			dependencies = (
				8E062CF51D740A8800BD4959 /* PBXTargetDependency */,
			);
			name = QQSideSlipTests;
			productName = QQSideSlipTests;
			productReference = 8E062CF31D740A8800BD4959 /* QQSideSlipTests.xctest */;
			productType = "com.apple.product-type.bundle.unit-test";
		};
		8E062CFD1D740A8800BD4959 /* QQSideSlipUITests */ = {
			isa = PBXNativeTarget;
			buildConfigurationList = 8E062D0D1D740A8800BD4959 /* Build configuration list for PBXNativeTarget "QQSideSlipUITests" */;
			buildPhases = (
				8E062CFA1D740A8800BD4959 /* Sources */,
				8E062CFB1D740A8800BD4959 /* Frameworks */,
				8E062CFC1D740A8800BD4959 /* Resources */,
			);
			buildRules = (
			);
			dependencies = (
				8E062D001D740A8800BD4959 /* PBXTargetDependency */,
			);
			name = QQSideSlipUITests;
			productName = QQSideSlipUITests;
			productReference = 8E062CFE1D740A8800BD4959 /* QQSideSlipUITests.xctest */;
			productType = "com.apple.product-type.bundle.ui-testing";
		};
/* End PBXNativeTarget section */

/* Begin PBXProject section */
		8E062CD21D740A8700BD4959 /* Project object */ = {
			isa = PBXProject;
			attributes = {
				LastUpgradeCheck = 0730;
				ORGANIZATIONNAME = blazer;
				TargetAttributes = {
					8E062CD91D740A8700BD4959 = {
						CreatedOnToolsVersion = 7.3.1;
					};
					8E062CF21D740A8800BD4959 = {
						CreatedOnToolsVersion = 7.3.1;
						TestTargetID = 8E062CD91D740A8700BD4959;
					};
					8E062CFD1D740A8800BD4959 = {
						CreatedOnToolsVersion = 7.3.1;
						TestTargetID = 8E062CD91D740A8700BD4959;
					};
				};
			};
			buildConfigurationList = 8E062CD51D740A8700BD4959 /* Build configuration list for PBXProject "QQSideSlip" */;
			compatibilityVersion = "Xcode 3.2";
			developmentRegion = English;
			hasScannedForEncodings = 0;
			knownRegions = (
				en,
				Base,
			);
			mainGroup = 8E062CD11D740A8700BD4959;
			productRefGroup = 8E062CDB1D740A8700BD4959 /* Products */;
			projectDirPath = "";
			projectRoot = "";
			targets = (
				8E062CD91D740A8700BD4959 /* QQSideSlip */,
				8E062CF21D740A8800BD4959 /* QQSideSlipTests */,
				8E062CFD1D740A8800BD4959 /* QQSideSlipUITests */,
			);
		};
/* End PBXProject section */

/* Begin PBXResourcesBuildPhase section */
		8E062CD81D740A8700BD4959 /* Resources */ = {
			isa = PBXResourcesBuildPhase;
			buildActionMask = 2147483647;
			files = (
				8E062CED1D740A8800BD4959 /* LaunchScreen.storyboard in Resources */,
				8E062CEA1D740A8800BD4959 /* Assets.xcassets in Resources */,
				8E062CE81D740A8800BD4959 /* Main.storyboard in Resources */,
			);
			runOnlyForDeploymentPostprocessing = 0;
		};
		8E062CF11D740A8800BD4959 /* Resources */ = {
			isa = PBXResourcesBuildPhase;
			buildActionMask = 2147483647;
			files = (
			);
			runOnlyForDeploymentPostprocessing = 0;
		};
		8E062CFC1D740A8800BD4959 /* Resources */ = {
			isa = PBXResourcesBuildPhase;
			buildActionMask = 2147483647;
			files = (
			);
			runOnlyForDeploymentPostprocessing = 0;
		};
/* End PBXResourcesBuildPhase section */

/* Begin PBXSourcesBuildPhase section */
		8E062CD61D740A8700BD4959 /* Sources */ = {
			isa = PBXSourcesBuildPhase;
			buildActionMask = 2147483647;
			files = (
				8E062D1B1D740DEA00BD4959 /* UIView+BLAZER.m in Sources */,
				8E062D1A1D740DEA00BD4959 /* TopViewController.m in Sources */,
				8E062CE21D740A8800BD4959 /* AppDelegate.m in Sources */,
				8E062D191D740DEA00BD4959 /* MYSideView.m in Sources */,
				8E062D181D740DEA00BD4959 /* MainViewController.m in Sources */,
				8E062CDF1D740A8800BD4959 /* main.m in Sources */,
			);
			runOnlyForDeploymentPostprocessing = 0;
		};
		8E062CEF1D740A8800BD4959 /* Sources */ = {
			isa = PBXSourcesBuildPhase;
			buildActionMask = 2147483647;
			files = (
				8E062CF81D740A8800BD4959 /* QQSideSlipTests.m in Sources */,
			);
			runOnlyForDeploymentPostprocessing = 0;
		};
		8E062CFA1D740A8800BD4959 /* Sources */ = {
			isa = PBXSourcesBuildPhase;
			buildActionMask = 2147483647;
			files = (
				8E062D031D740A8800BD4959 /* QQSideSlipUITests.m in Sources */,
			);
			runOnlyForDeploymentPostprocessing = 0;
		};
/* End PBXSourcesBuildPhase section */

/* Begin PBXTargetDependency section */
		8E062CF51D740A8800BD4959 /* PBXTargetDependency */ = {
			isa = PBXTargetDependency;
			target = 8E062CD91D740A8700BD4959 /* QQSideSlip */;
			targetProxy = 8E062CF41D740A8800BD4959 /* PBXContainerItemProxy */;
		};
		8E062D001D740A8800BD4959 /* PBXTargetDependency */ = {
			isa = PBXTargetDependency;
			target = 8E062CD91D740A8700BD4959 /* QQSideSlip */;
			targetProxy = 8E062CFF1D740A8800BD4959 /* PBXContainerItemProxy */;
		};
/* End PBXTargetDependency section */

/* Begin PBXVariantGroup section */
		8E062CE61D740A8800BD4959 /* Main.storyboard */ = {
			isa = PBXVariantGroup;
			children = (
				8E062CE71D740A8800BD4959 /* Base */,
			);
			name = Main.storyboard;
			sourceTree = "<group>";
		};
		8E062CEB1D740A8800BD4959 /* LaunchScreen.storyboard */ = {
			isa = PBXVariantGroup;
			children = (
				8E062CEC1D740A8800BD4959 /* Base */,
			);
			name = LaunchScreen.storyboard;
			sourceTree = "<group>";
		};
/* End PBXVariantGroup section */

/* Begin XCBuildConfiguration section */
		8E062D051D740A8800BD4959 /* Debug */ = {
			isa = XCBuildConfiguration;
			buildSettings = {
				ALWAYS_SEARCH_USER_PATHS = NO;
				CLANG_ANALYZER_NONNULL = YES;
				CLANG_CXX_LANGUAGE_STANDARD = "gnu++0x";
				CLANG_CXX_LIBRARY = "libc++";
				CLANG_ENABLE_MODULES = YES;
				CLANG_ENABLE_OBJC_ARC = YES;
				CLANG_WARN_BOOL_CONVERSION = YES;
				CLANG_WARN_CONSTANT_CONVERSION = YES;
				CLANG_WARN_DIRECT_OBJC_ISA_USAGE = YES_ERROR;
				CLANG_WARN_EMPTY_BODY = YES;
				CLANG_WARN_ENUM_CONVERSION = YES;
				CLANG_WARN_INT_CONVERSION = YES;
				CLANG_WARN_OBJC_ROOT_CLASS = YES_ERROR;
				CLANG_WARN_UNREACHABLE_CODE = YES;
				CLANG_WARN__DUPLICATE_METHOD_MATCH = YES;
				"CODE_SIGN_IDENTITY[sdk=iphoneos*]" = "iPhone Developer";
				COPY_PHASE_STRIP = NO;
				DEBUG_INFORMATION_FORMAT = dwarf;
				ENABLE_STRICT_OBJC_MSGSEND = YES;
				ENABLE_TESTABILITY = YES;
				GCC_C_LANGUAGE_STANDARD = gnu99;
				GCC_DYNAMIC_NO_PIC = NO;
				GCC_NO_COMMON_BLOCKS = YES;
				GCC_OPTIMIZATION_LEVEL = 0;
				GCC_PREPROCESSOR_DEFINITIONS = (
					"DEBUG=1",
					"$(inherited)",
				);
				GCC_WARN_64_TO_32_BIT_CONVERSION = YES;
				GCC_WARN_ABOUT_RETURN_TYPE = YES_ERROR;
				GCC_WARN_UNDECLARED_SELECTOR = YES;
				GCC_WARN_UNINITIALIZED_AUTOS = YES_AGGRESSIVE;
				GCC_WARN_UNUSED_FUNCTION = YES;
				GCC_WARN_UNUSED_VARIABLE = YES;
				IPHONEOS_DEPLOYMENT_TARGET = 9.3;
				MTL_ENABLE_DEBUG_INFO = YES;
				ONLY_ACTIVE_ARCH = YES;
				SDKROOT = iphoneos;
				TARGETED_DEVICE_FAMILY = "1,2";
			};
			name = Debug;
		};
		8E062D061D740A8800BD4959 /* Release */ = {
			isa = XCBuildConfiguration;
			buildSettings = {
				ALWAYS_SEARCH_USER_PATHS = NO;
				CLANG_ANALYZER_NONNULL = YES;
				CLANG_CXX_LANGUAGE_STANDARD = "gnu++0x";
				CLANG_CXX_LIBRARY = "libc++";
				CLANG_ENABLE_MODULES = YES;
				CLANG_ENABLE_OBJC_ARC = YES;
				CLANG_WARN_BOOL_CONVERSION = YES;
				CLANG_WARN_CONSTANT_CONVERSION = YES;
				CLANG_WARN_DIRECT_OBJC_ISA_USAGE = YES_ERROR;
				CLANG_WARN_EMPTY_BODY = YES;
				CLANG_WARN_ENUM_CONVERSION = YES;
				CLANG_WARN_INT_CONVERSION = YES;
				CLANG_WARN_OBJC_ROOT_CLASS = YES_ERROR;
				CLANG_WARN_UNREACHABLE_CODE = YES;
				CLANG_WARN__DUPLICATE_METHOD_MATCH = YES;
				"CODE_SIGN_IDENTITY[sdk=iphoneos*]" = "iPhone Developer";
				COPY_PHASE_STRIP = NO;
				DEBUG_INFORMATION_FORMAT = "dwarf-with-dsym";
				ENABLE_NS_ASSERTIONS = NO;
				ENABLE_STRICT_OBJC_MSGSEND = YES;
				GCC_C_LANGUAGE_STANDARD = gnu99;
				GCC_NO_COMMON_BLOCKS = YES;
				GCC_WARN_64_TO_32_BIT_CONVERSION = YES;
				GCC_WARN_ABOUT_RETURN_TYPE = YES_ERROR;
				GCC_WARN_UNDECLARED_SELECTOR = YES;
				GCC_WARN_UNINITIALIZED_AUTOS = YES_AGGRESSIVE;
				GCC_WARN_UNUSED_FUNCTION = YES;
				GCC_WARN_UNUSED_VARIABLE = YES;
				IPHONEOS_DEPLOYMENT_TARGET = 9.3;
				MTL_ENABLE_DEBUG_INFO = NO;
				SDKROOT = iphoneos;
				TARGETED_DEVICE_FAMILY = "1,2";
				VALIDATE_PRODUCT = YES;
			};
			name = Release;
		};
		8E062D081D740A8800BD4959 /* Debug */ = {
			isa = XCBuildConfiguration;
			buildSettings = {
				ASSETCATALOG_COMPILER_APPICON_NAME = AppIcon;
				INFOPLIST_FILE = QQSideSlip/Info.plist;
				LD_RUNPATH_SEARCH_PATHS = "$(inherited) @executable_path/Frameworks";
				PRODUCT_BUNDLE_IDENTIFIER = runloop.QQSideSlip;
				PRODUCT_NAME = "$(TARGET_NAME)";
			};
			name = Debug;
		};
		8E062D091D740A8800BD4959 /* Release */ = {
			isa = XCBuildConfiguration;
			buildSettings = {
				ASSETCATALOG_COMPILER_APPICON_NAME = AppIcon;
				INFOPLIST_FILE = QQSideSlip/Info.plist;
				LD_RUNPATH_SEARCH_PATHS = "$(inherited) @executable_path/Frameworks";
				PRODUCT_BUNDLE_IDENTIFIER = runloop.QQSideSlip;
				PRODUCT_NAME = "$(TARGET_NAME)";
			};
			name = Release;
		};
		8E062D0B1D740A8800BD4959 /* Debug */ = {
			isa = XCBuildConfiguration;
			buildSettings = {
				BUNDLE_LOADER = "$(TEST_HOST)";
				INFOPLIST_FILE = QQSideSlipTests/Info.plist;
				LD_RUNPATH_SEARCH_PATHS = "$(inherited) @executable_path/Frameworks @loader_path/Frameworks";
				PRODUCT_BUNDLE_IDENTIFIER = runloop.QQSideSlipTests;
				PRODUCT_NAME = "$(TARGET_NAME)";
				TEST_HOST = "$(BUILT_PRODUCTS_DIR)/QQSideSlip.app/QQSideSlip";
			};
			name = Debug;
		};
		8E062D0C1D740A8800BD4959 /* Release */ = {
			isa = XCBuildConfiguration;
			buildSettings = {
				BUNDLE_LOADER = "$(TEST_HOST)";
				INFOPLIST_FILE = QQSideSlipTests/Info.plist;
				LD_RUNPATH_SEARCH_PATHS = "$(inherited) @executable_path/Frameworks @loader_path/Frameworks";
				PRODUCT_BUNDLE_IDENTIFIER = runloop.QQSideSlipTests;
				PRODUCT_NAME = "$(TARGET_NAME)";
				TEST_HOST = "$(BUILT_PRODUCTS_DIR)/QQSideSlip.app/QQSideSlip";
			};
			name = Release;
		};
		8E062D0E1D740A8800BD4959 /* Debug */ = {
			isa = XCBuildConfiguration;
			buildSettings = {
				INFOPLIST_FILE = QQSideSlipUITests/Info.plist;
				LD_RUNPATH_SEARCH_PATHS = "$(inherited) @executable_path/Frameworks @loader_path/Frameworks";
				PRODUCT_BUNDLE_IDENTIFIER = runloop.QQSideSlipUITests;
				PRODUCT_NAME = "$(TARGET_NAME)";
				TEST_TARGET_NAME = QQSideSlip;
			};
			name = Debug;
		};
		8E062D0F1D740A8800BD4959 /* Release */ = {
			isa = XCBuildConfiguration;
			buildSettings = {
				INFOPLIST_FILE = QQSideSlipUITests/Info.plist;
				LD_RUNPATH_SEARCH_PATHS = "$(inherited) @executable_path/Frameworks @loader_path/Frameworks";
				PRODUCT_BUNDLE_IDENTIFIER = runloop.QQSideSlipUITests;
				PRODUCT_NAME = "$(TARGET_NAME)";
				TEST_TARGET_NAME = QQSideSlip;
			};
			name = Release;
		};
/* End XCBuildConfiguration section */

/* Begin XCConfigurationList section */
		8E062CD51D740A8700BD4959 /* Build configuration list for PBXProject "QQSideSlip" */ = {
			isa = XCConfigurationList;
			buildConfigurations = (
				8E062D051D740A8800BD4959 /* Debug */,
				8E062D061D740A8800BD4959 /* Release */,
			);
			defaultConfigurationIsVisible = 0;
			defaultConfigurationName = Release;
		};
		8E062D071D740A8800BD4959 /* Build configuration list for PBXNativeTarget "QQSideSlip" */ = {
			isa = XCConfigurationList;
			buildConfigurations = (
				8E062D081D740A8800BD4959 /* Debug */,
				8E062D091D740A8800BD4959 /* Release */,
			);
			defaultConfigurationIsVisible = 0;
		};
		8E062D0A1D740A8800BD4959 /* Build configuration list for PBXNativeTarget "QQSideSlipTests" */ = {
			isa = XCConfigurationList;
			buildConfigurations = (
				8E062D0B1D740A8800BD4959 /* Debug */,
				8E062D0C1D740A8800BD4959 /* Release */,
			);
			defaultConfigurationIsVisible = 0;
		};
		8E062D0D1D740A8800BD4959 /* Build configuration list for PBXNativeTarget "QQSideSlipUITests" */ = {
			isa = XCConfigurationList;
			buildConfigurations = (
				8E062D0E1D740A8800BD4959 /* Debug */,
				8E062D0F1D740A8800BD4959 /* Release */,
			);
			defaultConfigurationIsVisible = 0;
		};
/* End XCConfigurationList section */
	};
	rootObject = 8E062CD21D740A8700BD4959 /* Project object */;
}
